{
  "requires": true,
  "lockfileVersion": 1,
  "dependencies": {
    "react-native-image-picker": {
      "version": "3.3.2",
      "resolved": "https://registry.npmjs.org/react-native-image-picker/-/react-native-image-picker-3.3.2.tgz",
      "integrity": "sha512-7z902J7a7j2rUM6zzyLSGpBSDfXy/V9ssSDKV0QyoQpr7COZs3zsJye2PU1Z4TRqmuNtREIeG5m1NdwtpcXBkg=="
    }
  }
}
